
Microsoft Visual Studio Solution File, Format Version 12.00
# Visual Studio Version 17
VisualStudioVersion = 17.2.32516.85
MinimumVisualStudioVersion = 10.0.40219.1
Project("{9A19103F-16F7-4668-BE54-9A1E7A4F7556}") = "VisionSharp", "VisionSharp\VisionSharp.csproj", "{71B4B83B-62D8-4665-B8F1-8669A86650F4}"
EndProject
Project("{9A19103F-16F7-4668-BE54-9A1E7A4F7556}") = "UnitTest", "UnitTest\UnitTest.csproj", "{7226666E-6933-403E-923D-04B5D99102EA}"
EndProject
Project("{2150E333-8FDC-42A3-9474-1A3956D46DE8}") = "Solution Items", "Solution Items", "{571CF3D6-F838-49FC-ADBE-096DE133245D}"
	ProjectSection(SolutionItems) = preProject
		.editorconfig = .editorconfig
		..\README.md = ..\README.md
	EndProjectSection
EndProject
Project("{2150E333-8FDC-42A3-9474-1A3956D46DE8}") = "TestImage", "TestImage", "{3F9B7AB0-EACD-421F-8E87-254EE585A992}"
	ProjectSection(SolutionItems) = preProject
		..\testimages\002341.jpg = ..\testimages\002341.jpg
		..\testimages\barcode.png = ..\testimages\barcode.png
		..\testimages\qrcode.png = ..\testimages\qrcode.png
	EndProjectSection
EndProject
Project("{2150E333-8FDC-42A3-9474-1A3956D46DE8}") = "TestModels", "TestModels", "{46C26380-B33A-4ACF-A6C1-168D1329CAAE}"
	ProjectSection(SolutionItems) = preProject
		..\testOnnx\load800.onnx = ..\testOnnx\load800.onnx
		..\testModels\yolov3.cfg = ..\testModels\yolov3.cfg
		..\testModels\yolov3.weights = ..\testModels\yolov3.weights
	EndProjectSection
EndProject
Project("{9A19103F-16F7-4668-BE54-9A1E7A4F7556}") = "CvExperiment", "CvExperiment\CvExperiment.csproj", "{A48FA04D-0BBB-45DA-BACA-3AFD86BD5250}"
EndProject
Global
	GlobalSection(SolutionConfigurationPlatforms) = preSolution
		Debug|Any CPU = Debug|Any CPU
		Release|Any CPU = Release|Any CPU
	EndGlobalSection
	GlobalSection(ProjectConfigurationPlatforms) = postSolution
		{71B4B83B-62D8-4665-B8F1-8669A86650F4}.Debug|Any CPU.ActiveCfg = Debug|Any CPU
		{71B4B83B-62D8-4665-B8F1-8669A86650F4}.Debug|Any CPU.Build.0 = Debug|Any CPU
		{71B4B83B-62D8-4665-B8F1-8669A86650F4}.Release|Any CPU.ActiveCfg = Release|Any CPU
		{71B4B83B-62D8-4665-B8F1-8669A86650F4}.Release|Any CPU.Build.0 = Release|Any CPU
		{7226666E-6933-403E-923D-04B5D99102EA}.Debug|Any CPU.ActiveCfg = Debug|Any CPU
		{7226666E-6933-403E-923D-04B5D99102EA}.Debug|Any CPU.Build.0 = Debug|Any CPU
		{7226666E-6933-403E-923D-04B5D99102EA}.Release|Any CPU.ActiveCfg = Release|Any CPU
		{7226666E-6933-403E-923D-04B5D99102EA}.Release|Any CPU.Build.0 = Release|Any CPU
		{A48FA04D-0BBB-45DA-BACA-3AFD86BD5250}.Debug|Any CPU.ActiveCfg = Debug|Any CPU
		{A48FA04D-0BBB-45DA-BACA-3AFD86BD5250}.Debug|Any CPU.Build.0 = Debug|Any CPU
		{A48FA04D-0BBB-45DA-BACA-3AFD86BD5250}.Release|Any CPU.ActiveCfg = Release|Any CPU
		{A48FA04D-0BBB-45DA-BACA-3AFD86BD5250}.Release|Any CPU.Build.0 = Release|Any CPU
	EndGlobalSection
	GlobalSection(SolutionProperties) = preSolution
		HideSolutionNode = FALSE
	EndGlobalSection
	GlobalSection(NestedProjects) = preSolution
		{3F9B7AB0-EACD-421F-8E87-254EE585A992} = {571CF3D6-F838-49FC-ADBE-096DE133245D}
		{46C26380-B33A-4ACF-A6C1-168D1329CAAE} = {571CF3D6-F838-49FC-ADBE-096DE133245D}
	EndGlobalSection
	GlobalSection(ExtensibilityGlobals) = postSolution
		SolutionGuid = {E4FC7CCC-9738-473F-9A41-B6FC233D43A4}
	EndGlobalSection
EndGlobal
